// !$*UTF8*$!
{
	archiveVersion = 1;
	classes = {
	};
	objectVersion = 50;
	objects = {

/* Begin PBXBuildFile section */
		43829EB3217C7F0100B218E2 /* AppDelegate.swift in Sources */ = {isa = PBXBuildFile; fileRef = 43829EB2217C7F0100B218E2 /* AppDelegate.swift */; };
		43829EB5217C7F0100B218E2 /* ViewController.swift in Sources */ = {isa = PBXBuildFile; fileRef = 43829EB4217C7F0100B218E2 /* ViewController.swift */; };
		43829EB8217C7F0100B218E2 /* Main.storyboard in Resources */ = {isa = PBXBuildFile; fileRef = 43829EB6217C7F0100B218E2 /* Main.storyboard */; };
		43829EBA217C7F0200B218E2 /* Assets.xcassets in Resources */ = {isa = PBXBuildFile; fileRef = 43829EB9217C7F0200B218E2 /* Assets.xcassets */; };
		43829EBD217C7F0200B218E2 /* LaunchScreen.storyboard in Resources */ = {isa = PBXBuildFile; fileRef = 43829EBB217C7F0200B218E2 /* LaunchScreen.storyboard */; };
		43829EC8217C7F0200B218E2 /* apple_watch_rssiTests.swift in Sources */ = {isa = PBXBuildFile; fileRef = 43829EC7217C7F0200B218E2 /* apple_watch_rssiTests.swift */; };
		43829ED3217C7F0200B218E2 /* apple_watch_rssiUITests.swift in Sources */ = {isa = PBXBuildFile; fileRef = 43829ED2217C7F0200B218E2 /* apple_watch_rssiUITests.swift */; };
		43829ED8217C7F0200B218E2 /* apple-watch-rssi WatchKit App.app in Embed Watch Content */ = {isa = PBXBuildFile; fileRef = 43829ED7217C7F0200B218E2 /* apple-watch-rssi WatchKit App.app */; };
		43829EDE217C7F0200B218E2 /* Interface.storyboard in Resources */ = {isa = PBXBuildFile; fileRef = 43829EDC217C7F0200B218E2 /* Interface.storyboard */; };
		43829EE0217C7F0300B218E2 /* Assets.xcassets in Resources */ = {isa = PBXBuildFile; fileRef = 43829EDF217C7F0300B218E2 /* Assets.xcassets */; };
		43829EE7217C7F0300B218E2 /* apple-watch-rssi WatchKit Extension.appex in Embed App Extensions */ = {isa = PBXBuildFile; fileRef = 43829EE6217C7F0300B218E2 /* apple-watch-rssi WatchKit Extension.appex */; settings = {ATTRIBUTES = (RemoveHeadersOnCopy, ); }; };
		43829EEC217C7F0300B218E2 /* InterfaceController.swift in Sources */ = {isa = PBXBuildFile; fileRef = 43829EEB217C7F0300B218E2 /* InterfaceController.swift */; };
		43829EEE217C7F0300B218E2 /* ExtensionDelegate.swift in Sources */ = {isa = PBXBuildFile; fileRef = 43829EED217C7F0300B218E2 /* ExtensionDelegate.swift */; };
		43829EF0217C7F0300B218E2 /* NotificationController.swift in Sources */ = {isa = PBXBuildFile; fileRef = 43829EEF217C7F0300B218E2 /* NotificationController.swift */; };
		43829EF2217C7F0300B218E2 /* Assets.xcassets in Resources */ = {isa = PBXBuildFile; fileRef = 43829EF1217C7F0300B218E2 /* Assets.xcassets */; };
/* End PBXBuildFile section */

/* Begin PBXContainerItemProxy section */
		43829EC4217C7F0200B218E2 /* PBXContainerItemProxy */ = {
			isa = PBXContainerItemProxy;
			containerPortal = 43829EA7217C7F0100B218E2 /* Project object */;
			proxyType = 1;
			remoteGlobalIDString = 43829EAE217C7F0100B218E2;
			remoteInfo = "apple-watch-rssi";
		};
		43829ECF217C7F0200B218E2 /* PBXContainerItemProxy */ = {
			isa = PBXContainerItemProxy;
			containerPortal = 43829EA7217C7F0100B218E2 /* Project object */;
			proxyType = 1;
			remoteGlobalIDString = 43829EAE217C7F0100B218E2;
			remoteInfo = "apple-watch-rssi";
		};
		43829ED9217C7F0200B218E2 /* PBXContainerItemProxy */ = {
			isa = PBXContainerItemProxy;
			containerPortal = 43829EA7217C7F0100B218E2 /* Project object */;
			proxyType = 1;
			remoteGlobalIDString = 43829ED6217C7F0200B218E2;
			remoteInfo = "apple-watch-rssi WatchKit App";
		};
		43829EE8217C7F0300B218E2 /* PBXContainerItemProxy */ = {
			isa = PBXContainerItemProxy;
			containerPortal = 43829EA7217C7F0100B218E2 /* Project object */;
			proxyType = 1;
			remoteGlobalIDString = 43829EE5217C7F0300B218E2;
			remoteInfo = "apple-watch-rssi WatchKit Extension";
		};
/* End PBXContainerItemProxy section */

/* Begin PBXCopyFilesBuildPhase section */
		43829EFA217C7F0300B218E2 /* Embed App Extensions */ = {
			isa = PBXCopyFilesBuildPhase;
			buildActionMask = 2147483647;
			dstPath = "";
			dstSubfolderSpec = 13;
			files = (
				43829EE7217C7F0300B218E2 /* apple-watch-rssi WatchKit Extension.appex in Embed App Extensions */,
			);
			name = "Embed App Extensions";
			runOnlyForDeploymentPostprocessing = 0;
		};
		43829EFE217C7F0300B218E2 /* Embed Watch Content */ = {
			isa = PBXCopyFilesBuildPhase;
			buildActionMask = 2147483647;
			dstPath = "$(CONTENTS_FOLDER_PATH)/Watch";
			dstSubfolderSpec = 16;
			files = (
				43829ED8217C7F0200B218E2 /* apple-watch-rssi WatchKit App.app in Embed Watch Content */,
			);
			name = "Embed Watch Content";
			runOnlyForDeploymentPostprocessing = 0;
		};
/* End PBXCopyFilesBuildPhase section */

/* Begin PBXFileReference section */
		43829EAF217C7F0100B218E2 /* apple-watch-rssi.app */ = {isa = PBXFileReference; explicitFileType = wrapper.application; includeInIndex = 0; path = "apple-watch-rssi.app"; sourceTree = BUILT_PRODUCTS_DIR; };
		43829EB2217C7F0100B218E2 /* AppDelegate.swift */ = {isa = PBXFileReference; lastKnownFileType = sourcecode.swift; path = AppDelegate.swift; sourceTree = "<group>"; };
		43829EB4217C7F0100B218E2 /* ViewController.swift */ = {isa = PBXFileReference; lastKnownFileType = sourcecode.swift; path = ViewController.swift; sourceTree = "<group>"; };
		43829EB7217C7F0100B218E2 /* Base */ = {isa = PBXFileReference; lastKnownFileType = file.storyboard; name = Base; path = Base.lproj/Main.storyboard; sourceTree = "<group>"; };
		43829EB9217C7F0200B218E2 /* Assets.xcassets */ = {isa = PBXFileReference; lastKnownFileType = folder.assetcatalog; path = Assets.xcassets; sourceTree = "<group>"; };
		43829EBC217C7F0200B218E2 /* Base */ = {isa = PBXFileReference; lastKnownFileType = file.storyboard; name = Base; path = Base.lproj/LaunchScreen.storyboard; sourceTree = "<group>"; };
		43829EBE217C7F0200B218E2 /* Info.plist */ = {isa = PBXFileReference; lastKnownFileType = text.plist.xml; path = Info.plist; sourceTree = "<group>"; };
		43829EC3217C7F0200B218E2 /* apple-watch-rssiTests.xctest */ = {isa = PBXFileReference; explicitFileType = wrapper.cfbundle; includeInIndex = 0; path = "apple-watch-rssiTests.xctest"; sourceTree = BUILT_PRODUCTS_DIR; };
		43829EC7217C7F0200B218E2 /* apple_watch_rssiTests.swift */ = {isa = PBXFileReference; lastKnownFileType = sourcecode.swift; path = apple_watch_rssiTests.swift; sourceTree = "<group>"; };
		43829EC9217C7F0200B218E2 /* Info.plist */ = {isa = PBXFileReference; lastKnownFileType = text.plist.xml; path = Info.plist; sourceTree = "<group>"; };
		43829ECE217C7F0200B218E2 /* apple-watch-rssiUITests.xctest */ = {isa = PBXFileReference; explicitFileType = wrapper.cfbundle; includeInIndex = 0; path = "apple-watch-rssiUITests.xctest"; sourceTree = BUILT_PRODUCTS_DIR; };
		43829ED2217C7F0200B218E2 /* apple_watch_rssiUITests.swift */ = {isa = PBXFileReference; lastKnownFileType = sourcecode.swift; path = apple_watch_rssiUITests.swift; sourceTree = "<group>"; };
		43829ED4217C7F0200B218E2 /* Info.plist */ = {isa = PBXFileReference; lastKnownFileType = text.plist.xml; path = Info.plist; sourceTree = "<group>"; };
		43829ED7217C7F0200B218E2 /* apple-watch-rssi WatchKit App.app */ = {isa = PBXFileReference; explicitFileType = wrapper.application; includeInIndex = 0; path = "apple-watch-rssi WatchKit App.app"; sourceTree = BUILT_PRODUCTS_DIR; };
		43829EDD217C7F0200B218E2 /* Base */ = {isa = PBXFileReference; lastKnownFileType = file.storyboard; name = Base; path = Base.lproj/Interface.storyboard; sourceTree = "<group>"; };
		43829EDF217C7F0300B218E2 /* Assets.xcassets */ = {isa = PBXFileReference; lastKnownFileType = folder.assetcatalog; path = Assets.xcassets; sourceTree = "<group>"; };
		43829EE1217C7F0300B218E2 /* Info.plist */ = {isa = PBXFileReference; lastKnownFileType = text.plist.xml; path = Info.plist; sourceTree = "<group>"; };
		43829EE6217C7F0300B218E2 /* apple-watch-rssi WatchKit Extension.appex */ = {isa = PBXFileReference; explicitFileType = "wrapper.app-extension"; includeInIndex = 0; path = "apple-watch-rssi WatchKit Extension.appex"; sourceTree = BUILT_PRODUCTS_DIR; };
		43829EEB217C7F0300B218E2 /* InterfaceController.swift */ = {isa = PBXFileReference; lastKnownFileType = sourcecode.swift; path = InterfaceController.swift; sourceTree = "<group>"; };
		43829EED217C7F0300B218E2 /* ExtensionDelegate.swift */ = {isa = PBXFileReference; lastKnownFileType = sourcecode.swift; path = ExtensionDelegate.swift; sourceTree = "<group>"; };
		43829EEF217C7F0300B218E2 /* NotificationController.swift */ = {isa = PBXFileReference; lastKnownFileType = sourcecode.swift; path = NotificationController.swift; sourceTree = "<group>"; };
		43829EF1217C7F0300B218E2 /* Assets.xcassets */ = {isa = PBXFileReference; lastKnownFileType = folder.assetcatalog; path = Assets.xcassets; sourceTree = "<group>"; };
		43829EF3217C7F0300B218E2 /* Info.plist */ = {isa = PBXFileReference; lastKnownFileType = text.plist.xml; path = Info.plist; sourceTree = "<group>"; };
		43829EF4217C7F0300B218E2 /* PushNotificationPayload.apns */ = {isa = PBXFileReference; lastKnownFileType = text; path = PushNotificationPayload.apns; sourceTree = "<group>"; };
/* End PBXFileReference section */

/* Begin PBXFrameworksBuildPhase section */
		43829EAC217C7F0100B218E2 /* Frameworks */ = {
			isa = PBXFrameworksBuildPhase;
			buildActionMask = 2147483647;
			files = (
			);
			runOnlyForDeploymentPostprocessing = 0;
		};
		43829EC0217C7F0200B218E2 /* Frameworks */ = {
			isa = PBXFrameworksBuildPhase;
			buildActionMask = 2147483647;
			files = (
			);
			runOnlyForDeploymentPostprocessing = 0;
		};
		43829ECB217C7F0200B218E2 /* Frameworks */ = {
			isa = PBXFrameworksBuildPhase;
			buildActionMask = 2147483647;
			files = (
			);
			runOnlyForDeploymentPostprocessing = 0;
		};
		43829EE3217C7F0300B218E2 /* Frameworks */ = {
			isa = PBXFrameworksBuildPhase;
			buildActionMask = 2147483647;
			files = (
			);
			runOnlyForDeploymentPostprocessing = 0;
		};
/* End PBXFrameworksBuildPhase section */

/* Begin PBXGroup section */
		43829EA6217C7F0100B218E2 = {
			isa = PBXGroup;
			children = (
				43829EB1217C7F0100B218E2 /* apple-watch-rssi */,
				43829EC6217C7F0200B218E2 /* apple-watch-rssiTests */,
				43829ED1217C7F0200B218E2 /* apple-watch-rssiUITests */,
				43829EDB217C7F0200B218E2 /* apple-watch-rssi WatchKit App */,
				43829EEA217C7F0300B218E2 /* apple-watch-rssi WatchKit Extension */,
				43829EB0217C7F0100B218E2 /* Products */,
			);
			sourceTree = "<group>";
		};
		43829EB0217C7F0100B218E2 /* Products */ = {
			isa = PBXGroup;
			children = (
				43829EAF217C7F0100B218E2 /* apple-watch-rssi.app */,
				43829EC3217C7F0200B218E2 /* apple-watch-rssiTests.xctest */,
				43829ECE217C7F0200B218E2 /* apple-watch-rssiUITests.xctest */,
				43829ED7217C7F0200B218E2 /* apple-watch-rssi WatchKit App.app */,
				43829EE6217C7F0300B218E2 /* apple-watch-rssi WatchKit Extension.appex */,
			);
			name = Products;
			sourceTree = "<group>";
		};
		43829EB1217C7F0100B218E2 /* apple-watch-rssi */ = {
			isa = PBXGroup;
			children = (
				43829EB2217C7F0100B218E2 /* AppDelegate.swift */,
				43829EB4217C7F0100B218E2 /* ViewController.swift */,
				43829EB6217C7F0100B218E2 /* Main.storyboard */,
				43829EB9217C7F0200B218E2 /* Assets.xcassets */,
				43829EBB217C7F0200B218E2 /* LaunchScreen.storyboard */,
				43829EBE217C7F0200B218E2 /* Info.plist */,
			);
			path = "apple-watch-rssi";
			sourceTree = "<group>";
		};
		43829EC6217C7F0200B218E2 /* apple-watch-rssiTests */ = {
			isa = PBXGroup;
			children = (
				43829EC7217C7F0200B218E2 /* apple_watch_rssiTests.swift */,
				43829EC9217C7F0200B218E2 /* Info.plist */,
			);
			path = "apple-watch-rssiTests";
			sourceTree = "<group>";
		};
		43829ED1217C7F0200B218E2 /* apple-watch-rssiUITests */ = {
			isa = PBXGroup;
			children = (
				43829ED2217C7F0200B218E2 /* apple_watch_rssiUITests.swift */,
				43829ED4217C7F0200B218E2 /* Info.plist */,
			);
			path = "apple-watch-rssiUITests";
			sourceTree = "<group>";
		};
		43829EDB217C7F0200B218E2 /* apple-watch-rssi WatchKit App */ = {
			isa = PBXGroup;
			children = (
				43829EDC217C7F0200B218E2 /* Interface.storyboard */,
				43829EDF217C7F0300B218E2 /* Assets.xcassets */,
				43829EE1217C7F0300B218E2 /* Info.plist */,
			);
			path = "apple-watch-rssi WatchKit App";
			sourceTree = "<group>";
		};
		43829EEA217C7F0300B218E2 /* apple-watch-rssi WatchKit Extension */ = {
			isa = PBXGroup;
			children = (
				43829EEB217C7F0300B218E2 /* InterfaceController.swift */,
				43829EED217C7F0300B218E2 /* ExtensionDelegate.swift */,
				43829EEF217C7F0300B218E2 /* NotificationController.swift */,
				43829EF1217C7F0300B218E2 /* Assets.xcassets */,
				43829EF3217C7F0300B218E2 /* Info.plist */,
				43829EF4217C7F0300B218E2 /* PushNotificationPayload.apns */,
			);
			path = "apple-watch-rssi WatchKit Extension";
			sourceTree = "<group>";
		};
/* End PBXGroup section */

/* Begin PBXNativeTarget section */
		43829EAE217C7F0100B218E2 /* apple-watch-rssi */ = {
			isa = PBXNativeTarget;
			buildConfigurationList = 43829EFF217C7F0300B218E2 /* Build configuration list for PBXNativeTarget "apple-watch-rssi" */;
			buildPhases = (
				43829EAB217C7F0100B218E2 /* Sources */,
				43829EAC217C7F0100B218E2 /* Frameworks */,
				43829EAD217C7F0100B218E2 /* Resources */,
				43829EFE217C7F0300B218E2 /* Embed Watch Content */,
			);
			buildRules = (
			);
			dependencies = (
				43829EDA217C7F0200B218E2 /* PBXTargetDependency */,
			);
			name = "apple-watch-rssi";
			productName = "apple-watch-rssi";
			productReference = 43829EAF217C7F0100B218E2 /* apple-watch-rssi.app */;
			productType = "com.apple.product-type.application";
		};
		43829EC2217C7F0200B218E2 /* apple-watch-rssiTests */ = {
			isa = PBXNativeTarget;
			buildConfigurationList = 43829F02217C7F0300B218E2 /* Build configuration list for PBXNativeTarget "apple-watch-rssiTests" */;
			buildPhases = (
				43829EBF217C7F0200B218E2 /* Sources */,
				43829EC0217C7F0200B218E2 /* Frameworks */,
				43829EC1217C7F0200B218E2 /* Resources */,
			);
			buildRules = (
			);
			dependencies = (
				43829EC5217C7F0200B218E2 /* PBXTargetDependency */,
			);
			name = "apple-watch-rssiTests";
			productName = "apple-watch-rssiTests";
			productReference = 43829EC3217C7F0200B218E2 /* apple-watch-rssiTests.xctest */;
			productType = "com.apple.product-type.bundle.unit-test";
		};
		43829ECD217C7F0200B218E2 /* apple-watch-rssiUITests */ = {
			isa = PBXNativeTarget;
			buildConfigurationList = 43829F05217C7F0300B218E2 /* Build configuration list for PBXNativeTarget "apple-watch-rssiUITests" */;
			buildPhases = (
				43829ECA217C7F0200B218E2 /* Sources */,
				43829ECB217C7F0200B218E2 /* Frameworks */,
				43829ECC217C7F0200B218E2 /* Resources */,
			);
			buildRules = (
			);
			dependencies = (
				43829ED0217C7F0200B218E2 /* PBXTargetDependency */,
			);
			name = "apple-watch-rssiUITests";
			productName = "apple-watch-rssiUITests";
			productReference = 43829ECE217C7F0200B218E2 /* apple-watch-rssiUITests.xctest */;
			productType = "com.apple.product-type.bundle.ui-testing";
		};
		43829ED6217C7F0200B218E2 /* apple-watch-rssi WatchKit App */ = {
			isa = PBXNativeTarget;
			buildConfigurationList = 43829EFB217C7F0300B218E2 /* Build configuration list for PBXNativeTarget "apple-watch-rssi WatchKit App" */;
			buildPhases = (
				43829ED5217C7F0200B218E2 /* Resources */,
				43829EFA217C7F0300B218E2 /* Embed App Extensions */,
			);
			buildRules = (
			);
			dependencies = (
				43829EE9217C7F0300B218E2 /* PBXTargetDependency */,
			);
			name = "apple-watch-rssi WatchKit App";
			productName = "apple-watch-rssi WatchKit App";
			productReference = 43829ED7217C7F0200B218E2 /* apple-watch-rssi WatchKit App.app */;
			productType = "com.apple.product-type.application.watchapp2";
		};
		43829EE5217C7F0300B218E2 /* apple-watch-rssi WatchKit Extension */ = {
			isa = PBXNativeTarget;
			buildConfigurationList = 43829EF7217C7F0300B218E2 /* Build configuration list for PBXNativeTarget "apple-watch-rssi WatchKit Extension" */;
			buildPhases = (
				43829EE2217C7F0300B218E2 /* Sources */,
				43829EE3217C7F0300B218E2 /* Frameworks */,
				43829EE4217C7F0300B218E2 /* Resources */,
			);
			buildRules = (
			);
			dependencies = (
			);
			name = "apple-watch-rssi WatchKit Extension";
			productName = "apple-watch-rssi WatchKit Extension";
			productReference = 43829EE6217C7F0300B218E2 /* apple-watch-rssi WatchKit Extension.appex */;
			productType = "com.apple.product-type.watchkit2-extension";
		};
/* End PBXNativeTarget section */

/* Begin PBXProject section */
		43829EA7217C7F0100B218E2 /* Project object */ = {
			isa = PBXProject;
			attributes = {
				LastSwiftUpdateCheck = 1000;
				LastUpgradeCheck = 1000;
				ORGANIZATIONNAME = "Kevin Madrid";
				TargetAttributes = {
					43829EAE217C7F0100B218E2 = {
						CreatedOnToolsVersion = 10.0;
					};
					43829EC2217C7F0200B218E2 = {
						CreatedOnToolsVersion = 10.0;
						TestTargetID = 43829EAE217C7F0100B218E2;
					};
					43829ECD217C7F0200B218E2 = {
						CreatedOnToolsVersion = 10.0;
						TestTargetID = 43829EAE217C7F0100B218E2;
					};
					43829ED6217C7F0200B218E2 = {
						CreatedOnToolsVersion = 10.0;
					};
					43829EE5217C7F0300B218E2 = {
						CreatedOnToolsVersion = 10.0;
					};
				};
			};
			buildConfigurationList = 43829EAA217C7F0100B218E2 /* Build configuration list for PBXProject "apple-watch-rssi" */;
			compatibilityVersion = "Xcode 9.3";
			developmentRegion = en;
			hasScannedForEncodings = 0;
			knownRegions = (
				en,
				Base,
			);
			mainGroup = 43829EA6217C7F0100B218E2;
			productRefGroup = 43829EB0217C7F0100B218E2 /* Products */;
			projectDirPath = "";
			projectRoot = "";
			targets = (
				43829EAE217C7F0100B218E2 /* apple-watch-rssi */,
				43829EC2217C7F0200B218E2 /* apple-watch-rssiTests */,
				43829ECD217C7F0200B218E2 /* apple-watch-rssiUITests */,
				43829ED6217C7F0200B218E2 /* apple-watch-rssi WatchKit App */,
				43829EE5217C7F0300B218E2 /* apple-watch-rssi WatchKit Extension */,
			);
		};
/* End PBXProject section */

/* Begin PBXResourcesBuildPhase section */
		43829EAD217C7F0100B218E2 /* Resources */ = {
			isa = PBXResourcesBuildPhase;
			buildActionMask = 2147483647;
			files = (
				43829EBD217C7F0200B218E2 /* LaunchScreen.storyboard in Resources */,
				43829EBA217C7F0200B218E2 /* Assets.xcassets in Resources */,
				43829EB8217C7F0100B218E2 /* Main.storyboard in Resources */,
			);
			runOnlyForDeploymentPostprocessing = 0;
		};
		43829EC1217C7F0200B218E2 /* Resources */ = {
			isa = PBXResourcesBuildPhase;
			buildActionMask = 2147483647;
			files = (
			);
			runOnlyForDeploymentPostprocessing = 0;
		};
		43829ECC217C7F0200B218E2 /* Resources */ = {
			isa = PBXResourcesBuildPhase;
			buildActionMask = 2147483647;
			files = (
			);
			runOnlyForDeploymentPostprocessing = 0;
		};
		43829ED5217C7F0200B218E2 /* Resources */ = {
			isa = PBXResourcesBuildPhase;
			buildActionMask = 2147483647;
			files = (
				43829EE0217C7F0300B218E2 /* Assets.xcassets in Resources */,
				43829EDE217C7F0200B218E2 /* Interface.storyboard in Resources */,
			);
			runOnlyForDeploymentPostprocessing = 0;
		};
		43829EE4217C7F0300B218E2 /* Resources */ = {
			isa = PBXResourcesBuildPhase;
			buildActionMask = 2147483647;
			files = (
				43829EF2217C7F0300B218E2 /* Assets.xcassets in Resources */,
			);
			runOnlyForDeploymentPostprocessing = 0;
		};
/* End PBXResourcesBuildPhase section */

/* Begin PBXSourcesBuildPhase section */
		43829EAB217C7F0100B218E2 /* Sources */ = {
			isa = PBXSourcesBuildPhase;
			buildActionMask = 2147483647;
			files = (
				43829EB5217C7F0100B218E2 /* ViewController.swift in Sources */,
				43829EB3217C7F0100B218E2 /* AppDelegate.swift in Sources */,
			);
			runOnlyForDeploymentPostprocessing = 0;
		};
		43829EBF217C7F0200B218E2 /* Sources */ = {
			isa = PBXSourcesBuildPhase;
			buildActionMask = 2147483647;
			files = (
				43829EC8217C7F0200B218E2 /* apple_watch_rssiTests.swift in Sources */,
			);
			runOnlyForDeploymentPostprocessing = 0;
		};
		43829ECA217C7F0200B218E2 /* Sources */ = {
			isa = PBXSourcesBuildPhase;
			buildActionMask = 2147483647;
			files = (
				43829ED3217C7F0200B218E2 /* apple_watch_rssiUITests.swift in Sources */,
			);
			runOnlyForDeploymentPostprocessing = 0;
		};
		43829EE2217C7F0300B218E2 /* Sources */ = {
			isa = PBXSourcesBuildPhase;
			buildActionMask = 2147483647;
			files = (
				43829EF0217C7F0300B218E2 /* NotificationController.swift in Sources */,
				43829EEE217C7F0300B218E2 /* ExtensionDelegate.swift in Sources */,
				43829EEC217C7F0300B218E2 /* InterfaceController.swift in Sources */,
			);
			runOnlyForDeploymentPostprocessing = 0;
		};
/* End PBXSourcesBuildPhase section */

/* Begin PBXTargetDependency section */
		43829EC5217C7F0200B218E2 /* PBXTargetDependency */ = {
			isa = PBXTargetDependency;
			target = 43829EAE217C7F0100B218E2 /* apple-watch-rssi */;
			targetProxy = 43829EC4217C7F0200B218E2 /* PBXContainerItemProxy */;
		};
		43829ED0217C7F0200B218E2 /* PBXTargetDependency */ = {
			isa = PBXTargetDependency;
			target = 43829EAE217C7F0100B218E2 /* apple-watch-rssi */;
			targetProxy = 43829ECF217C7F0200B218E2 /* PBXContainerItemProxy */;
		};
		43829EDA217C7F0200B218E2 /* PBXTargetDependency */ = {
			isa = PBXTargetDependency;
			target = 43829ED6217C7F0200B218E2 /* apple-watch-rssi WatchKit App */;
			targetProxy = 43829ED9217C7F0200B218E2 /* PBXContainerItemProxy */;
		};
		43829EE9217C7F0300B218E2 /* PBXTargetDependency */ = {
			isa = PBXTargetDependency;
			target = 43829EE5217C7F0300B218E2 /* apple-watch-rssi WatchKit Extension */;
			targetProxy = 43829EE8217C7F0300B218E2 /* PBXContainerItemProxy */;
		};
/* End PBXTargetDependency section */

/* Begin PBXVariantGroup section */
		43829EB6217C7F0100B218E2 /* Main.storyboard */ = {
			isa = PBXVariantGroup;
			children = (
				43829EB7217C7F0100B218E2 /* Base */,
			);
			name = Main.storyboard;
			sourceTree = "<group>";
		};
		43829EBB217C7F0200B218E2 /* LaunchScreen.storyboard */ = {
			isa = PBXVariantGroup;
			children = (
				43829EBC217C7F0200B218E2 /* Base */,
			);
			name = LaunchScreen.storyboard;
			sourceTree = "<group>";
		};
		43829EDC217C7F0200B218E2 /* Interface.storyboard */ = {
			isa = PBXVariantGroup;
			children = (
				43829EDD217C7F0200B218E2 /* Base */,
			);
			name = Interface.storyboard;
			sourceTree = "<group>";
		};
/* End PBXVariantGroup section */

/* Begin XCBuildConfiguration section */
		43829EF5217C7F0300B218E2 /* Debug */ = {
			isa = XCBuildConfiguration;
			buildSettings = {
				ALWAYS_SEARCH_USER_PATHS = NO;
				CLANG_ANALYZER_NONNULL = YES;
				CLANG_ANALYZER_NUMBER_OBJECT_CONVERSION = YES_AGGRESSIVE;
				CLANG_CXX_LANGUAGE_STANDARD = "gnu++14";
				CLANG_CXX_LIBRARY = "libc++";
				CLANG_ENABLE_MODULES = YES;
				CLANG_ENABLE_OBJC_ARC = YES;
				CLANG_ENABLE_OBJC_WEAK = YES;
				CLANG_WARN_BLOCK_CAPTURE_AUTORELEASING = YES;
				CLANG_WARN_BOOL_CONVERSION = YES;
				CLANG_WARN_COMMA = YES;
				CLANG_WARN_CONSTANT_CONVERSION = YES;
				CLANG_WARN_DEPRECATED_OBJC_IMPLEMENTATIONS = YES;
				CLANG_WARN_DIRECT_OBJC_ISA_USAGE = YES_ERROR;
				CLANG_WARN_DOCUMENTATION_COMMENTS = YES;
				CLANG_WARN_EMPTY_BODY = YES;
				CLANG_WARN_ENUM_CONVERSION = YES;
				CLANG_WARN_INFINITE_RECURSION = YES;
				CLANG_WARN_INT_CONVERSION = YES;
				CLANG_WARN_NON_LITERAL_NULL_CONVERSION = YES;
				CLANG_WARN_OBJC_IMPLICIT_RETAIN_SELF = YES;
				CLANG_WARN_OBJC_LITERAL_CONVERSION = YES;
				CLANG_WARN_OBJC_ROOT_CLASS = YES_ERROR;
				CLANG_WARN_RANGE_LOOP_ANALYSIS = YES;
				CLANG_WARN_STRICT_PROTOTYPES = YES;
				CLANG_WARN_SUSPICIOUS_MOVE = YES;
				CLANG_WARN_UNGUARDED_AVAILABILITY = YES_AGGRESSIVE;
				CLANG_WARN_UNREACHABLE_CODE = YES;
				CLANG_WARN__DUPLICATE_METHOD_MATCH = YES;
				CODE_SIGN_IDENTITY = "iPhone Developer";
				COPY_PHASE_STRIP = NO;
				DEBUG_INFORMATION_FORMAT = dwarf;
				ENABLE_STRICT_OBJC_MSGSEND = YES;
				ENABLE_TESTABILITY = YES;
				GCC_C_LANGUAGE_STANDARD = gnu11;
				GCC_DYNAMIC_NO_PIC = NO;
				GCC_NO_COMMON_BLOCKS = YES;
				GCC_OPTIMIZATION_LEVEL = 0;
				GCC_PREPROCESSOR_DEFINITIONS = (
					"DEBUG=1",
					"$(inherited)",
				);
				GCC_WARN_64_TO_32_BIT_CONVERSION = YES;
				GCC_WARN_ABOUT_RETURN_TYPE = YES_ERROR;
				GCC_WARN_UNDECLARED_SELECTOR = YES;
				GCC_WARN_UNINITIALIZED_AUTOS = YES_AGGRESSIVE;
				GCC_WARN_UNUSED_FUNCTION = YES;
				GCC_WARN_UNUSED_VARIABLE = YES;
				IPHONEOS_DEPLOYMENT_TARGET = 12.0;
				MTL_ENABLE_DEBUG_INFO = INCLUDE_SOURCE;
				MTL_FAST_MATH = YES;
				ONLY_ACTIVE_ARCH = YES;
				SDKROOT = iphoneos;
				SWIFT_ACTIVE_COMPILATION_CONDITIONS = DEBUG;
				SWIFT_OPTIMIZATION_LEVEL = "-Onone";
			};
			name = Debug;
		};
		43829EF6217C7F0300B218E2 /* Release */ = {
			isa = XCBuildConfiguration;
			buildSettings = {
				ALWAYS_SEARCH_USER_PATHS = NO;
				CLANG_ANALYZER_NONNULL = YES;
				CLANG_ANALYZER_NUMBER_OBJECT_CONVERSION = YES_AGGRESSIVE;
				CLANG_CXX_LANGUAGE_STANDARD = "gnu++14";
				CLANG_CXX_LIBRARY = "libc++";
				CLANG_ENABLE_MODULES = YES;
				CLANG_ENABLE_OBJC_ARC = YES;
				CLANG_ENABLE_OBJC_WEAK = YES;
				CLANG_WARN_BLOCK_CAPTURE_AUTORELEASING = YES;
				CLANG_WARN_BOOL_CONVERSION = YES;
				CLANG_WARN_COMMA = YES;
				CLANG_WARN_CONSTANT_CONVERSION = YES;
				CLANG_WARN_DEPRECATED_OBJC_IMPLEMENTATIONS = YES;
				CLANG_WARN_DIRECT_OBJC_ISA_USAGE = YES_ERROR;
				CLANG_WARN_DOCUMENTATION_COMMENTS = YES;
				CLANG_WARN_EMPTY_BODY = YES;
				CLANG_WARN_ENUM_CONVERSION = YES;
				CLANG_WARN_INFINITE_RECURSION = YES;
				CLANG_WARN_INT_CONVERSION = YES;
				CLANG_WARN_NON_LITERAL_NULL_CONVERSION = YES;
				CLANG_WARN_OBJC_IMPLICIT_RETAIN_SELF = YES;
				CLANG_WARN_OBJC_LITERAL_CONVERSION = YES;
				CLANG_WARN_OBJC_ROOT_CLASS = YES_ERROR;
				CLANG_WARN_RANGE_LOOP_ANALYSIS = YES;
				CLANG_WARN_STRICT_PROTOTYPES = YES;
				CLANG_WARN_SUSPICIOUS_MOVE = YES;
				CLANG_WARN_UNGUARDED_AVAILABILITY = YES_AGGRESSIVE;
				CLANG_WARN_UNREACHABLE_CODE = YES;
				CLANG_WARN__DUPLICATE_METHOD_MATCH = YES;
				CODE_SIGN_IDENTITY = "iPhone Developer";
				COPY_PHASE_STRIP = NO;
				DEBUG_INFORMATION_FORMAT = "dwarf-with-dsym";
				ENABLE_NS_ASSERTIONS = NO;
				ENABLE_STRICT_OBJC_MSGSEND = YES;
				GCC_C_LANGUAGE_STANDARD = gnu11;
				GCC_NO_COMMON_BLOCKS = YES;
				GCC_WARN_64_TO_32_BIT_CONVERSION = YES;
				GCC_WARN_ABOUT_RETURN_TYPE = YES_ERROR;
				GCC_WARN_UNDECLARED_SELECTOR = YES;
				GCC_WARN_UNINITIALIZED_AUTOS = YES_AGGRESSIVE;
				GCC_WARN_UNUSED_FUNCTION = YES;
				GCC_WARN_UNUSED_VARIABLE = YES;
				IPHONEOS_DEPLOYMENT_TARGET = 12.0;
				MTL_ENABLE_DEBUG_INFO = NO;
				MTL_FAST_MATH = YES;
				SDKROOT = iphoneos;
				SWIFT_COMPILATION_MODE = wholemodule;
				SWIFT_OPTIMIZATION_LEVEL = "-O";
				VALIDATE_PRODUCT = YES;
			};
			name = Release;
		};
		43829EF8217C7F0300B218E2 /* Debug */ = {
			isa = XCBuildConfiguration;
			buildSettings = {
				ASSETCATALOG_COMPILER_COMPLICATION_NAME = Complication;
				CODE_SIGN_STYLE = Automatic;
				DEVELOPMENT_TEAM = JPZ86BG3MX;
				INFOPLIST_FILE = "apple-watch-rssi WatchKit Extension/Info.plist";
				LD_RUNPATH_SEARCH_PATHS = (
					"$(inherited)",
					"@executable_path/Frameworks",
					"@executable_path/../../Frameworks",
				);
				PRODUCT_BUNDLE_IDENTIFIER = "kmadridr.apple-watch-rssi.watchkitapp.watchkitextension";
				PRODUCT_NAME = "${TARGET_NAME}";
				SDKROOT = watchos;
				SKIP_INSTALL = YES;
				SWIFT_VERSION = 4.2;
				TARGETED_DEVICE_FAMILY = 4;
				WATCHOS_DEPLOYMENT_TARGET = 5.0;
			};
			name = Debug;
		};
		43829EF9217C7F0300B218E2 /* Release */ = {
			isa = XCBuildConfiguration;
			buildSettings = {
				ASSETCATALOG_COMPILER_COMPLICATION_NAME = Complication;
				CODE_SIGN_STYLE = Automatic;
				DEVELOPMENT_TEAM = JPZ86BG3MX;
				INFOPLIST_FILE = "apple-watch-rssi WatchKit Extension/Info.plist";
				LD_RUNPATH_SEARCH_PATHS = (
					"$(inherited)",
					"@executable_path/Frameworks",
					"@executable_path/../../Frameworks",
				);
				PRODUCT_BUNDLE_IDENTIFIER = "kmadridr.apple-watch-rssi.watchkitapp.watchkitextension";
				PRODUCT_NAME = "${TARGET_NAME}";
				SDKROOT = watchos;
				SKIP_INSTALL = YES;
				SWIFT_VERSION = 4.2;
				TARGETED_DEVICE_FAMILY = 4;
				WATCHOS_DEPLOYMENT_TARGET = 5.0;
			};
			name = Release;
		};
		43829EFC217C7F0300B218E2 /* Debug */ = {
			isa = XCBuildConfiguration;
			buildSettings = {
				ALWAYS_EMBED_SWIFT_STANDARD_LIBRARIES = YES;
				ASSETCATALOG_COMPILER_APPICON_NAME = AppIcon;
				CODE_SIGN_STYLE = Automatic;
				DEVELOPMENT_TEAM = JPZ86BG3MX;
				IBSC_MODULE = apple_watch_rssi_WatchKit_Extension;
				INFOPLIST_FILE = "apple-watch-rssi WatchKit App/Info.plist";
				PRODUCT_BUNDLE_IDENTIFIER = "kmadridr.apple-watch-rssi.watchkitapp";
				PRODUCT_NAME = "$(TARGET_NAME)";
				SDKROOT = watchos;
				SKIP_INSTALL = YES;
				SWIFT_VERSION = 4.2;
				TARGETED_DEVICE_FAMILY = 4;
				WATCHOS_DEPLOYMENT_TARGET = 5.0;
			};
			name = Debug;
		};
		43829EFD217C7F0300B218E2 /* Release */ = {
			isa = XCBuildConfiguration;
			buildSettings = {
				ALWAYS_EMBED_SWIFT_STANDARD_LIBRARIES = YES;
				ASSETCATALOG_COMPILER_APPICON_NAME = AppIcon;
				CODE_SIGN_STYLE = Automatic;
				DEVELOPMENT_TEAM = JPZ86BG3MX;
				IBSC_MODULE = apple_watch_rssi_WatchKit_Extension;
				INFOPLIST_FILE = "apple-watch-rssi WatchKit App/Info.plist";
				PRODUCT_BUNDLE_IDENTIFIER = "kmadridr.apple-watch-rssi.watchkitapp";
				PRODUCT_NAME = "$(TARGET_NAME)";
				SDKROOT = watchos;
				SKIP_INSTALL = YES;
				SWIFT_VERSION = 4.2;
				TARGETED_DEVICE_FAMILY = 4;
				WATCHOS_DEPLOYMENT_TARGET = 5.0;
			};
			name = Release;
		};
		43829F00217C7F0300B218E2 /* Debug */ = {
			isa = XCBuildConfiguration;
			buildSettings = {
				ASSETCATALOG_COMPILER_APPICON_NAME = AppIcon;
				CODE_SIGN_STYLE = Automatic;
				DEVELOPMENT_TEAM = JPZ86BG3MX;
				INFOPLIST_FILE = "apple-watch-rssi/Info.plist";
				LD_RUNPATH_SEARCH_PATHS = (
					"$(inherited)",
					"@executable_path/Frameworks",
				);
				PRODUCT_BUNDLE_IDENTIFIER = "kmadridr.apple-watch-rssi";
				PRODUCT_NAME = "$(TARGET_NAME)";
				SWIFT_VERSION = 4.2;
				TARGETED_DEVICE_FAMILY = "1,2";
			};
			name = Debug;
		};
		43829F01217C7F0300B218E2 /* Release */ = {
			isa = XCBuildConfiguration;
			buildSettings = {
				ASSETCATALOG_COMPILER_APPICON_NAME = AppIcon;
				CODE_SIGN_STYLE = Automatic;
				DEVELOPMENT_TEAM = JPZ86BG3MX;
				INFOPLIST_FILE = "apple-watch-rssi/Info.plist";
				LD_RUNPATH_SEARCH_PATHS = (
					"$(inherited)",
					"@executable_path/Frameworks",
				);
				PRODUCT_BUNDLE_IDENTIFIER = "kmadridr.apple-watch-rssi";
				PRODUCT_NAME = "$(TARGET_NAME)";
				SWIFT_VERSION = 4.2;
				TARGETED_DEVICE_FAMILY = "1,2";
			};
			name = Release;
		};
		43829F03217C7F0300B218E2 /* Debug */ = {
			isa = XCBuildConfiguration;
			buildSettings = {
				ALWAYS_EMBED_SWIFT_STANDARD_LIBRARIES = YES;
				BUNDLE_LOADER = "$(TEST_HOST)";
				CODE_SIGN_STYLE = Automatic;
				DEVELOPMENT_TEAM = JPZ86BG3MX;
				INFOPLIST_FILE = "apple-watch-rssiTests/Info.plist";
				LD_RUNPATH_SEARCH_PATHS = (
					"$(inherited)",
					"@executable_path/Frameworks",
					"@loader_path/Frameworks",
				);
				PRODUCT_BUNDLE_IDENTIFIER = "kmadridr.apple-watch-rssiTests";
				PRODUCT_NAME = "$(TARGET_NAME)";
				SWIFT_VERSION = 4.2;
				TARGETED_DEVICE_FAMILY = "1,2";
				TEST_HOST = "$(BUILT_PRODUCTS_DIR)/apple-watch-rssi.app/apple-watch-rssi";
			};
			name = Debug;
		};
		43829F04217C7F0300B218E2 /* Release */ = {
			isa = XCBuildConfiguration;
			buildSettings = {
				ALWAYS_EMBED_SWIFT_STANDARD_LIBRARIES = YES;
				BUNDLE_LOADER = "$(TEST_HOST)";
				CODE_SIGN_STYLE = Automatic;
				DEVELOPMENT_TEAM = JPZ86BG3MX;
				INFOPLIST_FILE = "apple-watch-rssiTests/Info.plist";
				LD_RUNPATH_SEARCH_PATHS = (
					"$(inherited)",
					"@executable_path/Frameworks",
					"@loader_path/Frameworks",
				);
				PRODUCT_BUNDLE_IDENTIFIER = "kmadridr.apple-watch-rssiTests";
				PRODUCT_NAME = "$(TARGET_NAME)";
				SWIFT_VERSION = 4.2;
				TARGETED_DEVICE_FAMILY = "1,2";
				TEST_HOST = "$(BUILT_PRODUCTS_DIR)/apple-watch-rssi.app/apple-watch-rssi";
			};
			name = Release;
		};
		43829F06217C7F0300B218E2 /* Debug */ = {
			isa = XCBuildConfiguration;
			buildSettings = {
				ALWAYS_EMBED_SWIFT_STANDARD_LIBRARIES = YES;
				CODE_SIGN_STYLE = Automatic;
				DEVELOPMENT_TEAM = JPZ86BG3MX;
				INFOPLIST_FILE = "apple-watch-rssiUITests/Info.plist";
				LD_RUNPATH_SEARCH_PATHS = (
					"$(inherited)",
					"@executable_path/Frameworks",
					"@loader_path/Frameworks",
				);
				PRODUCT_BUNDLE_IDENTIFIER = "kmadridr.apple-watch-rssiUITests";
				PRODUCT_NAME = "$(TARGET_NAME)";
				SWIFT_VERSION = 4.2;
				TARGETED_DEVICE_FAMILY = "1,2";
				TEST_TARGET_NAME = "apple-watch-rssi";
			};
			name = Debug;
		};
		43829F07217C7F0300B218E2 /* Release */ = {
			isa = XCBuildConfiguration;
			buildSettings = {
				ALWAYS_EMBED_SWIFT_STANDARD_LIBRARIES = YES;
				CODE_SIGN_STYLE = Automatic;
				DEVELOPMENT_TEAM = JPZ86BG3MX;
				INFOPLIST_FILE = "apple-watch-rssiUITests/Info.plist";
				LD_RUNPATH_SEARCH_PATHS = (
					"$(inherited)",
					"@executable_path/Frameworks",
					"@loader_path/Frameworks",
				);
				PRODUCT_BUNDLE_IDENTIFIER = "kmadridr.apple-watch-rssiUITests";
				PRODUCT_NAME = "$(TARGET_NAME)";
				SWIFT_VERSION = 4.2;
				TARGETED_DEVICE_FAMILY = "1,2";
				TEST_TARGET_NAME = "apple-watch-rssi";
			};
			name = Release;
		};
/* End XCBuildConfiguration section */

/* Begin XCConfigurationList section */
		43829EAA217C7F0100B218E2 /* Build configuration list for PBXProject "apple-watch-rssi" */ = {
			isa = XCConfigurationList;
			buildConfigurations = (
				43829EF5217C7F0300B218E2 /* Debug */,
				43829EF6217C7F0300B218E2 /* Release */,
			);
			defaultConfigurationIsVisible = 0;
			defaultConfigurationName = Release;
		};
		43829EF7217C7F0300B218E2 /* Build configuration list for PBXNativeTarget "apple-watch-rssi WatchKit Extension" */ = {
			isa = XCConfigurationList;
			buildConfigurations = (
				43829EF8217C7F0300B218E2 /* Debug */,
				43829EF9217C7F0300B218E2 /* Release */,
			);
			defaultConfigurationIsVisible = 0;
			defaultConfigurationName = Release;
		};
		43829EFB217C7F0300B218E2 /* Build configuration list for PBXNativeTarget "apple-watch-rssi WatchKit App" */ = {
			isa = XCConfigurationList;
			buildConfigurations = (
				43829EFC217C7F0300B218E2 /* Debug */,
				43829EFD217C7F0300B218E2 /* Release */,
			);
			defaultConfigurationIsVisible = 0;
			defaultConfigurationName = Release;
		};
		43829EFF217C7F0300B218E2 /* Build configuration list for PBXNativeTarget "apple-watch-rssi" */ = {
			isa = XCConfigurationList;
			buildConfigurations = (
				43829F00217C7F0300B218E2 /* Debug */,
				43829F01217C7F0300B218E2 /* Release */,
			);
			defaultConfigurationIsVisible = 0;
			defaultConfigurationName = Release;
		};
		43829F02217C7F0300B218E2 /* Build configuration list for PBXNativeTarget "apple-watch-rssiTests" */ = {
			isa = XCConfigurationList;
			buildConfigurations = (
				43829F03217C7F0300B218E2 /* Debug */,
				43829F04217C7F0300B218E2 /* Release */,
			);
			defaultConfigurationIsVisible = 0;
			defaultConfigurationName = Release;
		};
		43829F05217C7F0300B218E2 /* Build configuration list for PBXNativeTarget "apple-watch-rssiUITests" */ = {
			isa = XCConfigurationList;
			buildConfigurations = (
				43829F06217C7F0300B218E2 /* Debug */,
				43829F07217C7F0300B218E2 /* Release */,
			);
			defaultConfigurationIsVisible = 0;
			defaultConfigurationName = Release;
		};
/* End XCConfigurationList section */
	};
	rootObject = 43829EA7217C7F0100B218E2 /* Project object */;
}
